
Microsoft Visual Studio Solution File, Format Version 12.00
# Visual Studio Version 17
VisualStudioVersion = 17.6.33815.320
MinimumVisualStudioVersion = 10.0.40219.1
Project("{FAE04EC0-301F-11D3-BF4B-00C04F79EFBC}") = "TicTacToe-LAB04", "TicTacToe-LAB04.csproj", "{1CE1266B-1CCE-4164-882A-931442ED3504}"
EndProject
Global
	GlobalSection(SolutionConfigurationPlatforms) = preSolution
		Debug|Any CPU = Debug|Any CPU
		Release|Any CPU = Release|Any CPU
	EndGlobalSection
	GlobalSection(ProjectConfigurationPlatforms) = postSolution
		{1CE1266B-1CCE-4164-882A-931442ED3504}.Debug|Any CPU.ActiveCfg = Debug|Any CPU
		{1CE1266B-1CCE-4164-882A-931442ED3504}.Debug|Any CPU.Build.0 = Debug|Any CPU
		{1CE1266B-1CCE-4164-882A-931442ED3504}.Release|Any CPU.ActiveCfg = Release|Any CPU
		{1CE1266B-1CCE-4164-882A-931442ED3504}.Release|Any CPU.Build.0 = Release|Any CPU
	EndGlobalSection
	GlobalSection(SolutionProperties) = preSolution
		HideSolutionNode = FALSE
	EndGlobalSection
	GlobalSection(ExtensibilityGlobals) = postSolution
		SolutionGuid = {3456F9EC-A7D2-4D30-84E2-A284C1750A19}
	EndGlobalSection
EndGlobal
